
Microsoft Visual Studio Solution File, Format Version 12.00
# Visual Studio Version 17
VisualStudioVersion = 17.5.33530.505
MinimumVisualStudioVersion = 10.0.40219.1
Project("{9A19103F-16F7-4668-BE54-9A1E7A4F7556}") = "sandy", "sandy\sandy.csproj", "{32EECD7E-D410-4646-99F2-714A98056D34}"
EndProject
Project("{9A19103F-16F7-4668-BE54-9A1E7A4F7556}") = "ProjectStrat", "ProjectStrat\ProjectStrat.csproj", "{AD75AAAA-584D-4880-B3D8-2F7EE538721E}"
EndProject
Project("{9A19103F-16F7-4668-BE54-9A1E7A4F7556}") = "ClientProj", "ClientProj\ClientProj.csproj", "{6DFC0AE2-D718-4CEC-95BC-CE1E622214B4}"
EndProject
Project("{FAE04EC0-301F-11D3-BF4B-00C04F79EFBC}") = "Server", "Server\Server.csproj", "{90819021-F526-4F5C-9209-2D433101495B}"
EndProject
Global
	GlobalSection(SolutionConfigurationPlatforms) = preSolution
		Debug|Any CPU = Debug|Any CPU
		Release|Any CPU = Release|Any CPU
	EndGlobalSection
	GlobalSection(ProjectConfigurationPlatforms) = postSolution
		{32EECD7E-D410-4646-99F2-714A98056D34}.Debug|Any CPU.ActiveCfg = Debug|Any CPU
		{32EECD7E-D410-4646-99F2-714A98056D34}.Debug|Any CPU.Build.0 = Debug|Any CPU
		{32EECD7E-D410-4646-99F2-714A98056D34}.Release|Any CPU.ActiveCfg = Release|Any CPU
		{32EECD7E-D410-4646-99F2-714A98056D34}.Release|Any CPU.Build.0 = Release|Any CPU
		{AD75AAAA-584D-4880-B3D8-2F7EE538721E}.Debug|Any CPU.ActiveCfg = Debug|Any CPU
		{AD75AAAA-584D-4880-B3D8-2F7EE538721E}.Debug|Any CPU.Build.0 = Debug|Any CPU
		{AD75AAAA-584D-4880-B3D8-2F7EE538721E}.Release|Any CPU.ActiveCfg = Release|Any CPU
		{AD75AAAA-584D-4880-B3D8-2F7EE538721E}.Release|Any CPU.Build.0 = Release|Any CPU
		{6DFC0AE2-D718-4CEC-95BC-CE1E622214B4}.Debug|Any CPU.ActiveCfg = Debug|Any CPU
		{6DFC0AE2-D718-4CEC-95BC-CE1E622214B4}.Debug|Any CPU.Build.0 = Debug|Any CPU
		{6DFC0AE2-D718-4CEC-95BC-CE1E622214B4}.Release|Any CPU.ActiveCfg = Release|Any CPU
		{6DFC0AE2-D718-4CEC-95BC-CE1E622214B4}.Release|Any CPU.Build.0 = Release|Any CPU
		{90819021-F526-4F5C-9209-2D433101495B}.Debug|Any CPU.ActiveCfg = Debug|Any CPU
		{90819021-F526-4F5C-9209-2D433101495B}.Debug|Any CPU.Build.0 = Debug|Any CPU
		{90819021-F526-4F5C-9209-2D433101495B}.Release|Any CPU.ActiveCfg = Release|Any CPU
		{90819021-F526-4F5C-9209-2D433101495B}.Release|Any CPU.Build.0 = Release|Any CPU
	EndGlobalSection
	GlobalSection(SolutionProperties) = preSolution
		HideSolutionNode = FALSE
	EndGlobalSection
	GlobalSection(ExtensibilityGlobals) = postSolution
		SolutionGuid = {FA31FDB2-45C8-49AE-9A14-E6F1B3F3F0E4}
	EndGlobalSection
EndGlobal
